
Microsoft Visual Studio Solution File, Format Version 12.00
# Visual Studio Version 17
VisualStudioVersion = 17.5.33502.453
MinimumVisualStudioVersion = 10.0.40219.1
Project("{FAE04EC0-301F-11D3-BF4B-00C04F79EFBC}") = "Geonorge.Forvaltning", "Geonorge.Forvaltning\Geonorge.Forvaltning.csproj", "{1160A838-1701-4A19-96C7-ED7D433A0E69}"
EndProject
Global
	GlobalSection(SolutionConfigurationPlatforms) = preSolution
		Debug|Any CPU = Debug|Any CPU
		Release|Any CPU = Release|Any CPU
	EndGlobalSection
	GlobalSection(ProjectConfigurationPlatforms) = postSolution
		{1160A838-1701-4A19-96C7-ED7D433A0E69}.Debug|Any CPU.ActiveCfg = Debug|Any CPU
		{1160A838-1701-4A19-96C7-ED7D433A0E69}.Debug|Any CPU.Build.0 = Debug|Any CPU
		{1160A838-1701-4A19-96C7-ED7D433A0E69}.Release|Any CPU.ActiveCfg = Release|Any CPU
		{1160A838-1701-4A19-96C7-ED7D433A0E69}.Release|Any CPU.Build.0 = Release|Any CPU
	EndGlobalSection
	GlobalSection(SolutionProperties) = preSolution
		HideSolutionNode = FALSE
	EndGlobalSection
	GlobalSection(ExtensibilityGlobals) = postSolution
		SolutionGuid = {0A790BBB-EAD9-4077-83CE-444A396C5F21}
	EndGlobalSection
EndGlobal
